
Microsoft Visual Studio Solution File, Format Version 12.00
# Visual Studio Version 16
VisualStudioVersion = 16.0.30011.22
MinimumVisualStudioVersion = 10.0.40219.1
Project("{FAE04EC0-301F-11D3-BF4B-00C04F79EFBC}") = "antsequence20th", "antsequence20th\antsequence20th.csproj", "{57F9F0AB-05D8-433F-81B7-1882D0F326A4}"
EndProject
Global
	GlobalSection(SolutionConfigurationPlatforms) = preSolution
		Debug|Any CPU = Debug|Any CPU
		Release|Any CPU = Release|Any CPU
	EndGlobalSection
	GlobalSection(ProjectConfigurationPlatforms) = postSolution
		{57F9F0AB-05D8-433F-81B7-1882D0F326A4}.Debug|Any CPU.ActiveCfg = Debug|Any CPU
		{57F9F0AB-05D8-433F-81B7-1882D0F326A4}.Debug|Any CPU.Build.0 = Debug|Any CPU
		{57F9F0AB-05D8-433F-81B7-1882D0F326A4}.Release|Any CPU.ActiveCfg = Release|Any CPU
		{57F9F0AB-05D8-433F-81B7-1882D0F326A4}.Release|Any CPU.Build.0 = Release|Any CPU
	EndGlobalSection
	GlobalSection(SolutionProperties) = preSolution
		HideSolutionNode = FALSE
	EndGlobalSection
	GlobalSection(ExtensibilityGlobals) = postSolution
		SolutionGuid = {EB6E49FC-F62F-498B-A6F7-9C1622EF28C5}
	EndGlobalSection
EndGlobal
